
Microsoft Visual Studio Solution File, Format Version 12.00
# Visual Studio 15
VisualStudioVersion = 15.0.26730.16
MinimumVisualStudioVersion = 10.0.40219.1
Project("{FAE04EC0-301F-11D3-BF4B-00C04F79EFBC}") = "Uebung1", "Uebung1\Uebung1.csproj", "{D8017810-67CA-4F64-8422-E7A8FF5F6A81}"
EndProject
Project("{FAE04EC0-301F-11D3-BF4B-00C04F79EFBC}") = "Uebung2", "Uebung2\Uebung2.csproj", "{B87CE924-D011-488C-BDD2-80192B1D1FC2}"
EndProject
Project("{FAE04EC0-301F-11D3-BF4B-00C04F79EFBC}") = "Uebung3", "Uebung3\Uebung3.csproj", "{7CA4DA4D-B3B7-4E16-830F-263EB44024CF}"
EndProject
Global
	GlobalSection(SolutionConfigurationPlatforms) = preSolution
		Debug|Any CPU = Debug|Any CPU
		Release|Any CPU = Release|Any CPU
	EndGlobalSection
	GlobalSection(ProjectConfigurationPlatforms) = postSolution
		{D8017810-67CA-4F64-8422-E7A8FF5F6A81}.Debug|Any CPU.ActiveCfg = Debug|Any CPU
		{D8017810-67CA-4F64-8422-E7A8FF5F6A81}.Debug|Any CPU.Build.0 = Debug|Any CPU
		{D8017810-67CA-4F64-8422-E7A8FF5F6A81}.Release|Any CPU.ActiveCfg = Release|Any CPU
		{D8017810-67CA-4F64-8422-E7A8FF5F6A81}.Release|Any CPU.Build.0 = Release|Any CPU
		{B87CE924-D011-488C-BDD2-80192B1D1FC2}.Debug|Any CPU.ActiveCfg = Debug|Any CPU
		{B87CE924-D011-488C-BDD2-80192B1D1FC2}.Debug|Any CPU.Build.0 = Debug|Any CPU
		{B87CE924-D011-488C-BDD2-80192B1D1FC2}.Release|Any CPU.ActiveCfg = Release|Any CPU
		{B87CE924-D011-488C-BDD2-80192B1D1FC2}.Release|Any CPU.Build.0 = Release|Any CPU
		{7CA4DA4D-B3B7-4E16-830F-263EB44024CF}.Debug|Any CPU.ActiveCfg = Debug|Any CPU
		{7CA4DA4D-B3B7-4E16-830F-263EB44024CF}.Debug|Any CPU.Build.0 = Debug|Any CPU
		{7CA4DA4D-B3B7-4E16-830F-263EB44024CF}.Release|Any CPU.ActiveCfg = Release|Any CPU
		{7CA4DA4D-B3B7-4E16-830F-263EB44024CF}.Release|Any CPU.Build.0 = Release|Any CPU
	EndGlobalSection
	GlobalSection(SolutionProperties) = preSolution
		HideSolutionNode = FALSE
	EndGlobalSection
	GlobalSection(ExtensibilityGlobals) = postSolution
		SolutionGuid = {054CFF09-C811-42D5-B23B-8B04EA3B3E39}
	EndGlobalSection
EndGlobal
